
Microsoft Visual Studio Solution File, Format Version 12.00
# Visual Studio Version 17
VisualStudioVersion = 17.1.32210.238
MinimumVisualStudioVersion = 10.0.40219.1
Project("{9092AA53-FB77-4645-B42D-1CCCA6BD08BD}") = "DsaPlayGround", "DsaPlayGround.njsproj", "{D9E60B39-681D-4EBD-9A9F-24EBB7B9605F}"
EndProject
Global
	GlobalSection(SolutionConfigurationPlatforms) = preSolution
		Debug|Any CPU = Debug|Any CPU
		Release|Any CPU = Release|Any CPU
	EndGlobalSection
	GlobalSection(ProjectConfigurationPlatforms) = postSolution
		{D9E60B39-681D-4EBD-9A9F-24EBB7B9605F}.Debug|Any CPU.ActiveCfg = Debug|Any CPU
		{D9E60B39-681D-4EBD-9A9F-24EBB7B9605F}.Debug|Any CPU.Build.0 = Debug|Any CPU
		{D9E60B39-681D-4EBD-9A9F-24EBB7B9605F}.Release|Any CPU.ActiveCfg = Release|Any CPU
		{D9E60B39-681D-4EBD-9A9F-24EBB7B9605F}.Release|Any CPU.Build.0 = Release|Any CPU
	EndGlobalSection
	GlobalSection(SolutionProperties) = preSolution
		HideSolutionNode = FALSE
	EndGlobalSection
	GlobalSection(ExtensibilityGlobals) = postSolution
		SolutionGuid = {706A088A-FA6A-4003-9FC3-9B10282141D6}
	EndGlobalSection
EndGlobal
